
Microsoft Visual Studio Solution File, Format Version 12.00
# Visual Studio Version 17
VisualStudioVersion = 17.9.34616.47
MinimumVisualStudioVersion = 10.0.40219.1
Project("{35603549-B6F0-4787-84BD-89D7B82CC4A3}") = "EFIClient", "Driver\EFIClient.vcxproj", "{1D34AFFB-15A4-43E8-8E67-6E680D87E625}"
EndProject
Global
	GlobalSection(SolutionConfigurationPlatforms) = preSolution
		Debug|x64 = Debug|x64
		Release|x64 = Release|x64
	EndGlobalSection
	GlobalSection(ProjectConfigurationPlatforms) = postSolution
		{1D34AFFB-15A4-43E8-8E67-6E680D87E625}.Debug|x64.ActiveCfg = Debug|x64
		{1D34AFFB-15A4-43E8-8E67-6E680D87E625}.Debug|x64.Build.0 = Debug|x64
		{1D34AFFB-15A4-43E8-8E67-6E680D87E625}.Release|x64.ActiveCfg = Release|x64
		{1D34AFFB-15A4-43E8-8E67-6E680D87E625}.Release|x64.Build.0 = Release|x64
	EndGlobalSection
	GlobalSection(SolutionProperties) = preSolution
		HideSolutionNode = FALSE
	EndGlobalSection
	GlobalSection(ExtensibilityGlobals) = postSolution
		SolutionGuid = {B5651B70-727C-4D20-BD87-D310F8774ABF}
	EndGlobalSection
EndGlobal
